PODS:
  - Alamofire (5.5.0)
  - CrystDBCipher (0.1.11):
    - SQLCipher
  - DarklyEventSource (4.1.1)
  - GRMustache.swift (4.0.1)
  - Kingfisher (7.1.2)
  - MapboxMobileEvents (0.10.2)
  - MapLibre (5.12.1):
    - MapboxMobileEvents (= 0.10.2)
  - Proximiio (5.2.16):
    - CrystDBCipher
    - DarklyEventSource
  - ProximiioMapbox (5.2.0):
    - Alamofire
    - GRMustache.swift
    - MapLibre
    - Proximiio
    - SwiftyJSON
  - SnapKit (5.0.1)
  - SQLCipher (4.5.0):
    - SQLCipher/standard (= 4.5.0)
  - SQLCipher/common (4.5.0)
  - SQLCipher/standard (4.5.0):
    - SQLCipher/common
  - SwiftyJSON (5.0.1)

DEPENDENCIES:
  - Kingfisher
  - Proximiio
  - ProximiioMapbox (from `../`)
  - SnapKit

SPEC REPOS:
  https://github.com/CocoaPods/Specs:
    - Alamofire
    - CrystDBCipher
    - DarklyEventSource
    - GRMustache.swift
    - Kingfisher
    - MapboxMobileEvents
    - Proximiio
    - SnapKit
    - SQLCipher
    - SwiftyJSON
  https://github.com/proximiio/proximiio-specs.git:
    - MapLibre

EXTERNAL SOURCES:
  ProximiioMapbox:
    :path: "../"

SPEC CHECKSUMS:
  Alamofire: 1c4fb5369c3fe93d2857c780d8bbe09f06f97e7c
  CrystDBCipher: 0b2f8e78df7a6f373c384a1671f8efd54af16974
  DarklyEventSource: 6df384dcdb211d2b6bfbbe93a3148bd25567dd61
  GRMustache.swift: a6436504284b22b4b05daf5f46f77bd3fe00a9a2
  Kingfisher: 44ed6a8504763f27bab46163adfac83f5deb240c
  MapboxMobileEvents: 2bc0ca2eedb627b73cf403258dce2b2fa98074a6
  MapLibre: f44d4106a590d1ea6779fb6c96c048ec6a9a2767
  Proximiio: 4af524a3eaeec42c5d61e175ded5316dfb1c39d2
  ProximiioMapbox: 289c877caca288e638e17cc8be5e183a7cf56ec2
  SnapKit: 97b92857e3df3a0c71833cce143274bf6ef8e5eb
  SQLCipher: 98dc22f27c0b1790d39e710d440f22a466ebdb59
  SwiftyJSON: 2f33a42c6fbc52764d96f13368585094bfd8aa5e

PODFILE CHECKSUM: ecfee65f177a331379674bfa7fce02522629e39f

COCOAPODS: 1.11.2
